Microsoft Visual Studio Solution File, Format Version 12.00
# Visual Studio Version 17
VisualStudioVersion = 17.5.2.0
MinimumVisualStudioVersion = 10.0.40219.1
Project("{FAE04EC0-301F-11D3-BF4B-00C04F79EFBC}") = "GenerateQrCode", "GenerateQrCode\GenerateQrCode.csproj", "{F9EA6D84-FBF3-E01B-BC6D-7F34D5BD7DCB}"
EndProject
Global
	GlobalSection(SolutionConfigurationPlatforms) = preSolution
		Debug|Any CPU = Debug|Any CPU
		Release|Any CPU = Release|Any CPU
	EndGlobalSection
	GlobalSection(ProjectConfigurationPlatforms) = postSolution
		{F9EA6D84-FBF3-E01B-BC6D-7F34D5BD7DCB}.Debug|Any CPU.ActiveCfg = Debug|Any CPU
		{F9EA6D84-FBF3-E01B-BC6D-7F34D5BD7DCB}.Debug|Any CPU.Build.0 = Debug|Any CPU
		{F9EA6D84-FBF3-E01B-BC6D-7F34D5BD7DCB}.Release|Any CPU.ActiveCfg = Release|Any CPU
		{F9EA6D84-FBF3-E01B-BC6D-7F34D5BD7DCB}.Release|Any CPU.Build.0 = Release|Any CPU
	EndGlobalSection
	GlobalSection(SolutionProperties) = preSolution
		HideSolutionNode = FALSE
	EndGlobalSection
	GlobalSection(ExtensibilityGlobals) = postSolution
		SolutionGuid = {B497E0F9-7708-484F-9100-8BA9952BFA56}
	EndGlobalSection
EndGlobal
