Microsoft Visual Studio Solution File, Format Version 12.00
# Visual Studio Version 17
VisualStudioVersion = 17.5.2.0
MinimumVisualStudioVersion = 10.0.40219.1
Project("{FAE04EC0-301F-11D3-BF4B-00C04F79EFBC}") = "GenerateQrCode", "GenerateQrCode.csproj", "{44359176-BAA3-5440-86AC-0ECB64047C16}"
EndProject
Global
	GlobalSection(SolutionConfigurationPlatforms) = preSolution
		Debug|Any CPU = Debug|Any CPU
		Release|Any CPU = Release|Any CPU
	EndGlobalSection
	GlobalSection(ProjectConfigurationPlatforms) = postSolution
		{44359176-BAA3-5440-86AC-0ECB64047C16}.Debug|Any CPU.ActiveCfg = Debug|Any CPU
		{44359176-BAA3-5440-86AC-0ECB64047C16}.Debug|Any CPU.Build.0 = Debug|Any CPU
		{44359176-BAA3-5440-86AC-0ECB64047C16}.Release|Any CPU.ActiveCfg = Release|Any CPU
		{44359176-BAA3-5440-86AC-0ECB64047C16}.Release|Any CPU.Build.0 = Release|Any CPU
	EndGlobalSection
	GlobalSection(SolutionProperties) = preSolution
		HideSolutionNode = FALSE
	EndGlobalSection
	GlobalSection(ExtensibilityGlobals) = postSolution
		SolutionGuid = {99202A85-F05F-4847-B308-626E733E1A64}
	EndGlobalSection
EndGlobal
